// !$*UTF8*$!
{
	archiveVersion = 1;
	classes = {
	};
	objectVersion = 46;
	objects = {

/* Begin PBXBuildFile section */
		9A74EE4B1E5C1927009287CB /* main.m in Sources */ = {isa = PBXBuildFile; fileRef = 9A74EE4A1E5C1927009287CB /* main.m */; };
		9A74EE4E1E5C1927009287CB /* AppDelegate.m in Sources */ = {isa = PBXBuildFile; fileRef = 9A74EE4D1E5C1927009287CB /* AppDelegate.m */; };
		9A74EE511E5C1928009287CB /* ViewController.m in Sources */ = {isa = PBXBuildFile; fileRef = 9A74EE501E5C1928009287CB /* ViewController.m */; };
		9A74EE541E5C1928009287CB /* Main.storyboard in Resources */ = {isa = PBXBuildFile; fileRef = 9A74EE521E5C1928009287CB /* Main.storyboard */; };
		9A74EE561E5C1928009287CB /* Assets.xcassets in Resources */ = {isa = PBXBuildFile; fileRef = 9A74EE551E5C1928009287CB /* Assets.xcassets */; };
		9A74EE591E5C1928009287CB /* LaunchScreen.storyboard in Resources */ = {isa = PBXBuildFile; fileRef = 9A74EE571E5C1928009287CB /* LaunchScreen.storyboard */; };
		9A74EE641E5C1928009287CB /* ZYSDKTests.m in Sources */ = {isa = PBXBuildFile; fileRef = 9A74EE631E5C1928009287CB /* ZYSDKTests.m */; };
		9A74EE6F1E5C1928009287CB /* ZYSDKUITests.m in Sources */ = {isa = PBXBuildFile; fileRef = 9A74EE6E1E5C1928009287CB /* ZYSDKUITests.m */; };
		9A74EE8C1E5C1A0E009287CB /* checkmark_failure_white@2x.png in Resources */ = {isa = PBXBuildFile; fileRef = 9A74EE881E5C1A0E009287CB /* checkmark_failure_white@2x.png */; };
		9A74EE8D1E5C1A0E009287CB /* checkmark_success_white@2x.png in Resources */ = {isa = PBXBuildFile; fileRef = 9A74EE891E5C1A0E009287CB /* checkmark_success_white@2x.png */; };
		9A74EE8E1E5C1A0E009287CB /* MBProgressHUD.m in Sources */ = {isa = PBXBuildFile; fileRef = 9A74EE8B1E5C1A0E009287CB /* MBProgressHUD.m */; };
		9ABA79211E5C35B600030520 /* NSDate+ZY.m in Sources */ = {isa = PBXBuildFile; fileRef = 9ABA79131E5C35B600030520 /* NSDate+ZY.m */; };
		9ABA79221E5C35B600030520 /* NSString+ZY.m in Sources */ = {isa = PBXBuildFile; fileRef = 9ABA79151E5C35B600030520 /* NSString+ZY.m */; };
		9ABA79231E5C35B600030520 /* AppDelegate+ZY.m in Sources */ = {isa = PBXBuildFile; fileRef = 9ABA79181E5C35B600030520 /* AppDelegate+ZY.m */; };
		9ABA79241E5C35B600030520 /* CALayer+ZY.m in Sources */ = {isa = PBXBuildFile; fileRef = 9ABA791A1E5C35B600030520 /* CALayer+ZY.m */; };
		9ABA79251E5C35B600030520 /* UIButton+ZY.m in Sources */ = {isa = PBXBuildFile; fileRef = 9ABA791C1E5C35B600030520 /* UIButton+ZY.m */; };
		9ABA79261E5C35B600030520 /* UIImage+ZY.m in Sources */ = {isa = PBXBuildFile; fileRef = 9ABA791E1E5C35B600030520 /* UIImage+ZY.m */; };
		9ABA79271E5C35B600030520 /* UIViewController+ZY.m in Sources */ = {isa = PBXBuildFile; fileRef = 9ABA79201E5C35B600030520 /* UIViewController+ZY.m */; };
/* End PBXBuildFile section */

/* Begin PBXContainerItemProxy section */
		9A74EE601E5C1928009287CB /* PBXContainerItemProxy */ = {
			isa = PBXContainerItemProxy;
			containerPortal = 9A74EE3E1E5C1927009287CB /* Project object */;
			proxyType = 1;
			remoteGlobalIDString = 9A74EE451E5C1927009287CB;
			remoteInfo = ZYSDK;
		};
		9A74EE6B1E5C1928009287CB /* PBXContainerItemProxy */ = {
			isa = PBXContainerItemProxy;
			containerPortal = 9A74EE3E1E5C1927009287CB /* Project object */;
			proxyType = 1;
			remoteGlobalIDString = 9A74EE451E5C1927009287CB;
			remoteInfo = ZYSDK;
		};
/* End PBXContainerItemProxy section */

/* Begin PBXFileReference section */
		9A74EE461E5C1927009287CB /* ZYSDK.app */ = {isa = PBXFileReference; explicitFileType = wrapper.application; includeInIndex = 0; path = ZYSDK.app; sourceTree = BUILT_PRODUCTS_DIR; };
		9A74EE4A1E5C1927009287CB /* main.m */ = {isa = PBXFileReference; lastKnownFileType = sourcecode.c.objc; path = main.m; sourceTree = "<group>"; };
		9A74EE4C1E5C1927009287CB /* AppDelegate.h */ = {isa = PBXFileReference; lastKnownFileType = sourcecode.c.h; path = AppDelegate.h; sourceTree = "<group>"; };
		9A74EE4D1E5C1927009287CB /* AppDelegate.m */ = {isa = PBXFileReference; lastKnownFileType = sourcecode.c.objc; path = AppDelegate.m; sourceTree = "<group>"; };
		9A74EE4F1E5C1927009287CB /* ViewController.h */ = {isa = PBXFileReference; lastKnownFileType = sourcecode.c.h; path = ViewController.h; sourceTree = "<group>"; };
		9A74EE501E5C1928009287CB /* ViewController.m */ = {isa = PBXFileReference; lastKnownFileType = sourcecode.c.objc; path = ViewController.m; sourceTree = "<group>"; };
		9A74EE531E5C1928009287CB /* Base */ = {isa = PBXFileReference; lastKnownFileType = file.storyboard; name = Base; path = Base.lproj/Main.storyboard; sourceTree = "<group>"; };
		9A74EE551E5C1928009287CB /* Assets.xcassets */ = {isa = PBXFileReference; lastKnownFileType = folder.assetcatalog; path = Assets.xcassets; sourceTree = "<group>"; };
		9A74EE581E5C1928009287CB /* Base */ = {isa = PBXFileReference; lastKnownFileType = file.storyboard; name = Base; path = Base.lproj/LaunchScreen.storyboard; sourceTree = "<group>"; };
		9A74EE5A1E5C1928009287CB /* Info.plist */ = {isa = PBXFileReference; lastKnownFileType = text.plist.xml; path = Info.plist; sourceTree = "<group>"; };
		9A74EE5F1E5C1928009287CB /* ZYSDKTests.xctest */ = {isa = PBXFileReference; explicitFileType = wrapper.cfbundle; includeInIndex = 0; path = ZYSDKTests.xctest; sourceTree = BUILT_PRODUCTS_DIR; };
		9A74EE631E5C1928009287CB /* ZYSDKTests.m */ = {isa = PBXFileReference; lastKnownFileType = sourcecode.c.objc; path = ZYSDKTests.m; sourceTree = "<group>"; };
		9A74EE651E5C1928009287CB /* Info.plist */ = {isa = PBXFileReference; lastKnownFileType = text.plist.xml; path = Info.plist; sourceTree = "<group>"; };
		9A74EE6A1E5C1928009287CB /* ZYSDKUITests.xctest */ = {isa = PBXFileReference; explicitFileType = wrapper.cfbundle; includeInIndex = 0; path = ZYSDKUITests.xctest; sourceTree = BUILT_PRODUCTS_DIR; };
		9A74EE6E1E5C1928009287CB /* ZYSDKUITests.m */ = {isa = PBXFileReference; lastKnownFileType = sourcecode.c.objc; path = ZYSDKUITests.m; sourceTree = "<group>"; };
		9A74EE701E5C1928009287CB /* Info.plist */ = {isa = PBXFileReference; lastKnownFileType = text.plist.xml; path = Info.plist; sourceTree = "<group>"; };
		9A74EE881E5C1A0E009287CB /* checkmark_failure_white@2x.png */ = {isa = PBXFileReference; lastKnownFileType = image.png; path = "checkmark_failure_white@2x.png"; sourceTree = "<group>"; };
		9A74EE891E5C1A0E009287CB /* checkmark_success_white@2x.png */ = {isa = PBXFileReference; lastKnownFileType = image.png; path = "checkmark_success_white@2x.png"; sourceTree = "<group>"; };
		9A74EE8A1E5C1A0E009287CB /* MBProgressHUD.h */ = {isa = PBXFileReference; fileEncoding = 4; lastKnownFileType = sourcecode.c.h; path = MBProgressHUD.h; sourceTree = "<group>"; };
		9A74EE8B1E5C1A0E009287CB /* MBProgressHUD.m */ = {isa = PBXFileReference; fileEncoding = 4; lastKnownFileType = sourcecode.c.objc; path = MBProgressHUD.m; sourceTree = "<group>"; };
		9ABA79121E5C35B600030520 /* NSDate+ZY.h */ = {isa = PBXFileReference; fileEncoding = 4; lastKnownFileType = sourcecode.c.h; path = "NSDate+ZY.h"; sourceTree = "<group>"; };
		9ABA79131E5C35B600030520 /* NSDate+ZY.m */ = {isa = PBXFileReference; fileEncoding = 4; lastKnownFileType = sourcecode.c.objc; path = "NSDate+ZY.m"; sourceTree = "<group>"; };
		9ABA79141E5C35B600030520 /* NSString+ZY.h */ = {isa = PBXFileReference; fileEncoding = 4; lastKnownFileType = sourcecode.c.h; path = "NSString+ZY.h"; sourceTree = "<group>"; };
		9ABA79151E5C35B600030520 /* NSString+ZY.m */ = {isa = PBXFileReference; fileEncoding = 4; lastKnownFileType = sourcecode.c.objc; path = "NSString+ZY.m"; sourceTree = "<group>"; };
		9ABA79171E5C35B600030520 /* AppDelegate+ZY.h */ = {isa = PBXFileReference; fileEncoding = 4; lastKnownFileType = sourcecode.c.h; path = "AppDelegate+ZY.h"; sourceTree = "<group>"; };
		9ABA79181E5C35B600030520 /* AppDelegate+ZY.m */ = {isa = PBXFileReference; fileEncoding = 4; lastKnownFileType = sourcecode.c.objc; path = "AppDelegate+ZY.m"; sourceTree = "<group>"; };
		9ABA79191E5C35B600030520 /* CALayer+ZY.h */ = {isa = PBXFileReference; fileEncoding = 4; lastKnownFileType = sourcecode.c.h; path = "CALayer+ZY.h"; sourceTree = "<group>"; };
		9ABA791A1E5C35B600030520 /* CALayer+ZY.m */ = {isa = PBXFileReference; fileEncoding = 4; lastKnownFileType = sourcecode.c.objc; path = "CALayer+ZY.m"; sourceTree = "<group>"; };
		9ABA791B1E5C35B600030520 /* UIButton+ZY.h */ = {isa = PBXFileReference; fileEncoding = 4; lastKnownFileType = sourcecode.c.h; path = "UIButton+ZY.h"; sourceTree = "<group>"; };
		9ABA791C1E5C35B600030520 /* UIButton+ZY.m */ = {isa = PBXFileReference; fileEncoding = 4; lastKnownFileType = sourcecode.c.objc; path = "UIButton+ZY.m"; sourceTree = "<group>"; };
		9ABA791D1E5C35B600030520 /* UIImage+ZY.h */ = {isa = PBXFileReference; fileEncoding = 4; lastKnownFileType = sourcecode.c.h; path = "UIImage+ZY.h"; sourceTree = "<group>"; };
		9ABA791E1E5C35B600030520 /* UIImage+ZY.m */ = {isa = PBXFileReference; fileEncoding = 4; lastKnownFileType = sourcecode.c.objc; path = "UIImage+ZY.m"; sourceTree = "<group>"; };
		9ABA791F1E5C35B600030520 /* UIViewController+ZY.h */ = {isa = PBXFileReference; fileEncoding = 4; lastKnownFileType = sourcecode.c.h; path = "UIViewController+ZY.h"; sourceTree = "<group>"; };
		9ABA79201E5C35B600030520 /* UIViewController+ZY.m */ = {isa = PBXFileReference; fileEncoding = 4; lastKnownFileType = sourcecode.c.objc; path = "UIViewController+ZY.m"; sourceTree = "<group>"; };
		9ABA79281E5C363200030520 /* ZYConst.h */ = {isa = PBXFileReference; lastKnownFileType = sourcecode.c.h; path = ZYConst.h; sourceTree = "<group>"; };
/* End PBXFileReference section */

/* Begin PBXFrameworksBuildPhase section */
		9A74EE431E5C1927009287CB /* Frameworks */ = {
			isa = PBXFrameworksBuildPhase;
			buildActionMask = 2147483647;
			files = (
			);
			runOnlyForDeploymentPostprocessing = 0;
		};
		9A74EE5C1E5C1928009287CB /* Frameworks */ = {
			isa = PBXFrameworksBuildPhase;
			buildActionMask = 2147483647;
			files = (
			);
			runOnlyForDeploymentPostprocessing = 0;
		};
		9A74EE671E5C1928009287CB /* Frameworks */ = {
			isa = PBXFrameworksBuildPhase;
			buildActionMask = 2147483647;
			files = (
			);
			runOnlyForDeploymentPostprocessing = 0;
		};
/* End PBXFrameworksBuildPhase section */

/* Begin PBXGroup section */
		9A74EE3D1E5C1927009287CB = {
			isa = PBXGroup;
			children = (
				9A74EE481E5C1927009287CB /* ZYSDK */,
				9A74EE621E5C1928009287CB /* ZYSDKTests */,
				9A74EE6D1E5C1928009287CB /* ZYSDKUITests */,
				9A74EE471E5C1927009287CB /* Products */,
			);
			sourceTree = "<group>";
		};
		9A74EE471E5C1927009287CB /* Products */ = {
			isa = PBXGroup;
			children = (
				9A74EE461E5C1927009287CB /* ZYSDK.app */,
				9A74EE5F1E5C1928009287CB /* ZYSDKTests.xctest */,
				9A74EE6A1E5C1928009287CB /* ZYSDKUITests.xctest */,
			);
			name = Products;
			sourceTree = "<group>";
		};
		9A74EE481E5C1927009287CB /* ZYSDK */ = {
			isa = PBXGroup;
			children = (
				9ABA79101E5C35B600030520 /* Category */,
				9A74EE871E5C1A0E009287CB /* MBProgressHUD */,
				9A74EE4C1E5C1927009287CB /* AppDelegate.h */,
				9A74EE4D1E5C1927009287CB /* AppDelegate.m */,
				9ABA79281E5C363200030520 /* ZYConst.h */,
				9A74EE4F1E5C1927009287CB /* ViewController.h */,
				9A74EE501E5C1928009287CB /* ViewController.m */,
				9A74EE521E5C1928009287CB /* Main.storyboard */,
				9A74EE551E5C1928009287CB /* Assets.xcassets */,
				9A74EE571E5C1928009287CB /* LaunchScreen.storyboard */,
				9A74EE5A1E5C1928009287CB /* Info.plist */,
				9A74EE491E5C1927009287CB /* Supporting Files */,
			);
			path = ZYSDK;
			sourceTree = "<group>";
		};
		9A74EE491E5C1927009287CB /* Supporting Files */ = {
			isa = PBXGroup;
			children = (
				9A74EE4A1E5C1927009287CB /* main.m */,
			);
			name = "Supporting Files";
			sourceTree = "<group>";
		};
		9A74EE621E5C1928009287CB /* ZYSDKTests */ = {
			isa = PBXGroup;
			children = (
				9A74EE631E5C1928009287CB /* ZYSDKTests.m */,
				9A74EE651E5C1928009287CB /* Info.plist */,
			);
			path = ZYSDKTests;
			sourceTree = "<group>";
		};
		9A74EE6D1E5C1928009287CB /* ZYSDKUITests */ = {
			isa = PBXGroup;
			children = (
				9A74EE6E1E5C1928009287CB /* ZYSDKUITests.m */,
				9A74EE701E5C1928009287CB /* Info.plist */,
			);
			path = ZYSDKUITests;
			sourceTree = "<group>";
		};
		9A74EE871E5C1A0E009287CB /* MBProgressHUD */ = {
			isa = PBXGroup;
			children = (
				9A74EE881E5C1A0E009287CB /* checkmark_failure_white@2x.png */,
				9A74EE891E5C1A0E009287CB /* checkmark_success_white@2x.png */,
				9A74EE8A1E5C1A0E009287CB /* MBProgressHUD.h */,
				9A74EE8B1E5C1A0E009287CB /* MBProgressHUD.m */,
			);
			path = MBProgressHUD;
			sourceTree = "<group>";
		};
		9ABA79101E5C35B600030520 /* Category */ = {
			isa = PBXGroup;
			children = (
				9ABA79111E5C35B600030520 /* NS */,
				9ABA79161E5C35B600030520 /* UI */,
			);
			path = Category;
			sourceTree = "<group>";
		};
		9ABA79111E5C35B600030520 /* NS */ = {
			isa = PBXGroup;
			children = (
				9ABA79121E5C35B600030520 /* NSDate+ZY.h */,
				9ABA79131E5C35B600030520 /* NSDate+ZY.m */,
				9ABA79141E5C35B600030520 /* NSString+ZY.h */,
				9ABA79151E5C35B600030520 /* NSString+ZY.m */,
			);
			path = NS;
			sourceTree = "<group>";
		};
		9ABA79161E5C35B600030520 /* UI */ = {
			isa = PBXGroup;
			children = (
				9ABA79171E5C35B600030520 /* AppDelegate+ZY.h */,
				9ABA79181E5C35B600030520 /* AppDelegate+ZY.m */,
				9ABA79191E5C35B600030520 /* CALayer+ZY.h */,
				9ABA791A1E5C35B600030520 /* CALayer+ZY.m */,
				9ABA791B1E5C35B600030520 /* UIButton+ZY.h */,
				9ABA791C1E5C35B600030520 /* UIButton+ZY.m */,
				9ABA791D1E5C35B600030520 /* UIImage+ZY.h */,
				9ABA791E1E5C35B600030520 /* UIImage+ZY.m */,
				9ABA791F1E5C35B600030520 /* UIViewController+ZY.h */,
				9ABA79201E5C35B600030520 /* UIViewController+ZY.m */,
			);
			path = UI;
			sourceTree = "<group>";
		};
/* End PBXGroup section */

/* Begin PBXNativeTarget section */
		9A74EE451E5C1927009287CB /* ZYSDK */ = {
			isa = PBXNativeTarget;
			buildConfigurationList = 9A74EE731E5C1928009287CB /* Build configuration list for PBXNativeTarget "ZYSDK" */;
			buildPhases = (
				9A74EE421E5C1927009287CB /* Sources */,
				9A74EE431E5C1927009287CB /* Frameworks */,
				9A74EE441E5C1927009287CB /* Resources */,
			);
			buildRules = (
			);
			dependencies = (
			);
			name = ZYSDK;
			productName = ZYSDK;
			productReference = 9A74EE461E5C1927009287CB /* ZYSDK.app */;
			productType = "com.apple.product-type.application";
		};
		9A74EE5E1E5C1928009287CB /* ZYSDKTests */ = {
			isa = PBXNativeTarget;
			buildConfigurationList = 9A74EE761E5C1928009287CB /* Build configuration list for PBXNativeTarget "ZYSDKTests" */;
			buildPhases = (
				9A74EE5B1E5C1928009287CB /* Sources */,
				9A74EE5C1E5C1928009287CB /* Frameworks */,
				9A74EE5D1E5C1928009287CB /* Resources */,
			);
			buildRules = (
			);
			dependencies = (
				9A74EE611E5C1928009287CB /* PBXTargetDependency */,
			);
			name = ZYSDKTests;
			productName = ZYSDKTests;
			productReference = 9A74EE5F1E5C1928009287CB /* ZYSDKTests.xctest */;
			productType = "com.apple.product-type.bundle.unit-test";
		};
		9A74EE691E5C1928009287CB /* ZYSDKUITests */ = {
			isa = PBXNativeTarget;
			buildConfigurationList = 9A74EE791E5C1928009287CB /* Build configuration list for PBXNativeTarget "ZYSDKUITests" */;
			buildPhases = (
				9A74EE661E5C1928009287CB /* Sources */,
				9A74EE671E5C1928009287CB /* Frameworks */,
				9A74EE681E5C1928009287CB /* Resources */,
			);
			buildRules = (
			);
			dependencies = (
				9A74EE6C1E5C1928009287CB /* PBXTargetDependency */,
			);
			name = ZYSDKUITests;
			productName = ZYSDKUITests;
			productReference = 9A74EE6A1E5C1928009287CB /* ZYSDKUITests.xctest */;
			productType = "com.apple.product-type.bundle.ui-testing";
		};
/* End PBXNativeTarget section */

/* Begin PBXProject section */
		9A74EE3E1E5C1927009287CB /* Project object */ = {
			isa = PBXProject;
			attributes = {
				LastUpgradeCheck = 0820;
				ORGANIZATIONNAME = gzy;
				TargetAttributes = {
					9A74EE451E5C1927009287CB = {
						CreatedOnToolsVersion = 8.2.1;
						DevelopmentTeam = Y798R64W36;
						ProvisioningStyle = Automatic;
					};
					9A74EE5E1E5C1928009287CB = {
						CreatedOnToolsVersion = 8.2.1;
						DevelopmentTeam = Y798R64W36;
						ProvisioningStyle = Automatic;
						TestTargetID = 9A74EE451E5C1927009287CB;
					};
					9A74EE691E5C1928009287CB = {
						CreatedOnToolsVersion = 8.2.1;
						DevelopmentTeam = Y798R64W36;
						ProvisioningStyle = Automatic;
						TestTargetID = 9A74EE451E5C1927009287CB;
					};
				};
			};
			buildConfigurationList = 9A74EE411E5C1927009287CB /* Build configuration list for PBXProject "ZYSDK" */;
			compatibilityVersion = "Xcode 3.2";
			developmentRegion = English;
			hasScannedForEncodings = 0;
			knownRegions = (
				en,
				Base,
			);
			mainGroup = 9A74EE3D1E5C1927009287CB;
			productRefGroup = 9A74EE471E5C1927009287CB /* Products */;
			projectDirPath = "";
			projectRoot = "";
			targets = (
				9A74EE451E5C1927009287CB /* ZYSDK */,
				9A74EE5E1E5C1928009287CB /* ZYSDKTests */,
				9A74EE691E5C1928009287CB /* ZYSDKUITests */,
			);
		};
/* End PBXProject section */

/* Begin PBXResourcesBuildPhase section */
		9A74EE441E5C1927009287CB /* Resources */ = {
			isa = PBXResourcesBuildPhase;
			buildActionMask = 2147483647;
			files = (
				9A74EE591E5C1928009287CB /* LaunchScreen.storyboard in Resources */,
				9A74EE561E5C1928009287CB /* Assets.xcassets in Resources */,
				9A74EE8D1E5C1A0E009287CB /* checkmark_success_white@2x.png in Resources */,
				9A74EE541E5C1928009287CB /* Main.storyboard in Resources */,
				9A74EE8C1E5C1A0E009287CB /* checkmark_failure_white@2x.png in Resources */,
			);
			runOnlyForDeploymentPostprocessing = 0;
		};
		9A74EE5D1E5C1928009287CB /* Resources */ = {
			isa = PBXResourcesBuildPhase;
			buildActionMask = 2147483647;
			files = (
			);
			runOnlyForDeploymentPostprocessing = 0;
		};
		9A74EE681E5C1928009287CB /* Resources */ = {
			isa = PBXResourcesBuildPhase;
			buildActionMask = 2147483647;
			files = (
			);
			runOnlyForDeploymentPostprocessing = 0;
		};
/* End PBXResourcesBuildPhase section */

/* Begin PBXSourcesBuildPhase section */
		9A74EE421E5C1927009287CB /* Sources */ = {
			isa = PBXSourcesBuildPhase;
			buildActionMask = 2147483647;
			files = (
				9ABA79211E5C35B600030520 /* NSDate+ZY.m in Sources */,
				9ABA79251E5C35B600030520 /* UIButton+ZY.m in Sources */,
				9A74EE511E5C1928009287CB /* ViewController.m in Sources */,
				9ABA79271E5C35B600030520 /* UIViewController+ZY.m in Sources */,
				9A74EE4E1E5C1927009287CB /* AppDelegate.m in Sources */,
				9A74EE8E1E5C1A0E009287CB /* MBProgressHUD.m in Sources */,
				9ABA79231E5C35B600030520 /* AppDelegate+ZY.m in Sources */,
				9ABA79221E5C35B600030520 /* NSString+ZY.m in Sources */,
				9ABA79241E5C35B600030520 /* CALayer+ZY.m in Sources */,
				9ABA79261E5C35B600030520 /* UIImage+ZY.m in Sources */,
				9A74EE4B1E5C1927009287CB /* main.m in Sources */,
			);
			runOnlyForDeploymentPostprocessing = 0;
		};
		9A74EE5B1E5C1928009287CB /* Sources */ = {
			isa = PBXSourcesBuildPhase;
			buildActionMask = 2147483647;
			files = (
				9A74EE641E5C1928009287CB /* ZYSDKTests.m in Sources */,
			);
			runOnlyForDeploymentPostprocessing = 0;
		};
		9A74EE661E5C1928009287CB /* Sources */ = {
			isa = PBXSourcesBuildPhase;
			buildActionMask = 2147483647;
			files = (
				9A74EE6F1E5C1928009287CB /* ZYSDKUITests.m in Sources */,
			);
			runOnlyForDeploymentPostprocessing = 0;
		};
/* End PBXSourcesBuildPhase section */

/* Begin PBXTargetDependency section */
		9A74EE611E5C1928009287CB /* PBXTargetDependency */ = {
			isa = PBXTargetDependency;
			target = 9A74EE451E5C1927009287CB /* ZYSDK */;
			targetProxy = 9A74EE601E5C1928009287CB /* PBXContainerItemProxy */;
		};
		9A74EE6C1E5C1928009287CB /* PBXTargetDependency */ = {
			isa = PBXTargetDependency;
			target = 9A74EE451E5C1927009287CB /* ZYSDK */;
			targetProxy = 9A74EE6B1E5C1928009287CB /* PBXContainerItemProxy */;
		};
/* End PBXTargetDependency section */

/* Begin PBXVariantGroup section */
		9A74EE521E5C1928009287CB /* Main.storyboard */ = {
			isa = PBXVariantGroup;
			children = (
				9A74EE531E5C1928009287CB /* Base */,
			);
			name = Main.storyboard;
			sourceTree = "<group>";
		};
		9A74EE571E5C1928009287CB /* LaunchScreen.storyboard */ = {
			isa = PBXVariantGroup;
			children = (
				9A74EE581E5C1928009287CB /* Base */,
			);
			name = LaunchScreen.storyboard;
			sourceTree = "<group>";
		};
/* End PBXVariantGroup section */

/* Begin XCBuildConfiguration section */
		9A74EE711E5C1928009287CB /* Debug */ = {
			isa = XCBuildConfiguration;
			buildSettings = {
				ALWAYS_SEARCH_USER_PATHS = NO;
				CLANG_ANALYZER_NONNULL = YES;
				CLANG_CXX_LANGUAGE_STANDARD = "gnu++0x";
				CLANG_CXX_LIBRARY = "libc++";
				CLANG_ENABLE_MODULES = YES;
				CLANG_ENABLE_OBJC_ARC = YES;
				CLANG_WARN_BOOL_CONVERSION = YES;
				CLANG_WARN_CONSTANT_CONVERSION = YES;
				CLANG_WARN_DIRECT_OBJC_ISA_USAGE = YES_ERROR;
				CLANG_WARN_DOCUMENTATION_COMMENTS = YES;
				CLANG_WARN_EMPTY_BODY = YES;
				CLANG_WARN_ENUM_CONVERSION = YES;
				CLANG_WARN_INFINITE_RECURSION = YES;
				CLANG_WARN_INT_CONVERSION = YES;
				CLANG_WARN_OBJC_ROOT_CLASS = YES_ERROR;
				CLANG_WARN_SUSPICIOUS_MOVE = YES;
				CLANG_WARN_UNREACHABLE_CODE = YES;
				CLANG_WARN__DUPLICATE_METHOD_MATCH = YES;
				"CODE_SIGN_IDENTITY[sdk=iphoneos*]" = "iPhone Developer";
				COPY_PHASE_STRIP = NO;
				DEBUG_INFORMATION_FORMAT = dwarf;
				ENABLE_STRICT_OBJC_MSGSEND = YES;
				ENABLE_TESTABILITY = YES;
				GCC_C_LANGUAGE_STANDARD = gnu99;
				GCC_DYNAMIC_NO_PIC = NO;
				GCC_NO_COMMON_BLOCKS = YES;
				GCC_OPTIMIZATION_LEVEL = 0;
				GCC_PREPROCESSOR_DEFINITIONS = (
					"DEBUG=1",
					"$(inherited)",
				);
				GCC_WARN_64_TO_32_BIT_CONVERSION = YES;
				GCC_WARN_ABOUT_RETURN_TYPE = YES_ERROR;
				GCC_WARN_UNDECLARED_SELECTOR = YES;
				GCC_WARN_UNINITIALIZED_AUTOS = YES_AGGRESSIVE;
				GCC_WARN_UNUSED_FUNCTION = YES;
				GCC_WARN_UNUSED_VARIABLE = YES;
				IPHONEOS_DEPLOYMENT_TARGET = 10.2;
				MTL_ENABLE_DEBUG_INFO = YES;
				ONLY_ACTIVE_ARCH = YES;
				SDKROOT = iphoneos;
				TARGETED_DEVICE_FAMILY = "1,2";
			};
			name = Debug;
		};
		9A74EE721E5C1928009287CB /* Release */ = {
			isa = XCBuildConfiguration;
			buildSettings = {
				ALWAYS_SEARCH_USER_PATHS = NO;
				CLANG_ANALYZER_NONNULL = YES;
				CLANG_CXX_LANGUAGE_STANDARD = "gnu++0x";
				CLANG_CXX_LIBRARY = "libc++";
				CLANG_ENABLE_MODULES = YES;
				CLANG_ENABLE_OBJC_ARC = YES;
				CLANG_WARN_BOOL_CONVERSION = YES;
				CLANG_WARN_CONSTANT_CONVERSION = YES;
				CLANG_WARN_DIRECT_OBJC_ISA_USAGE = YES_ERROR;
				CLANG_WARN_DOCUMENTATION_COMMENTS = YES;
				CLANG_WARN_EMPTY_BODY = YES;
				CLANG_WARN_ENUM_CONVERSION = YES;
				CLANG_WARN_INFINITE_RECURSION = YES;
				CLANG_WARN_INT_CONVERSION = YES;
				CLANG_WARN_OBJC_ROOT_CLASS = YES_ERROR;
				CLANG_WARN_SUSPICIOUS_MOVE = YES;
				CLANG_WARN_UNREACHABLE_CODE = YES;
				CLANG_WARN__DUPLICATE_METHOD_MATCH = YES;
				"CODE_SIGN_IDENTITY[sdk=iphoneos*]" = "iPhone Developer";
				COPY_PHASE_STRIP = NO;
				DEBUG_INFORMATION_FORMAT = "dwarf-with-dsym";
				ENABLE_NS_ASSERTIONS = NO;
				ENABLE_STRICT_OBJC_MSGSEND = YES;
				GCC_C_LANGUAGE_STANDARD = gnu99;
				GCC_NO_COMMON_BLOCKS = YES;
				GCC_WARN_64_TO_32_BIT_CONVERSION = YES;
				GCC_WARN_ABOUT_RETURN_TYPE = YES_ERROR;
				GCC_WARN_UNDECLARED_SELECTOR = YES;
				GCC_WARN_UNINITIALIZED_AUTOS = YES_AGGRESSIVE;
				GCC_WARN_UNUSED_FUNCTION = YES;
				GCC_WARN_UNUSED_VARIABLE = YES;
				IPHONEOS_DEPLOYMENT_TARGET = 10.2;
				MTL_ENABLE_DEBUG_INFO = NO;
				SDKROOT = iphoneos;
				TARGETED_DEVICE_FAMILY = "1,2";
				VALIDATE_PRODUCT = YES;
			};
			name = Release;
		};
		9A74EE741E5C1928009287CB /* Debug */ = {
			isa = XCBuildConfiguration;
			buildSettings = {
				ASSETCATALOG_COMPILER_APPICON_NAME = AppIcon;
				DEVELOPMENT_TEAM = Y798R64W36;
				INFOPLIST_FILE = ZYSDK/Info.plist;
				LD_RUNPATH_SEARCH_PATHS = "$(inherited) @executable_path/Frameworks";
				PRODUCT_BUNDLE_IDENTIFIER = ZY.ZYSDK;
				PRODUCT_NAME = "$(TARGET_NAME)";
			};
			name = Debug;
		};
		9A74EE751E5C1928009287CB /* Release */ = {
			isa = XCBuildConfiguration;
			buildSettings = {
				ASSETCATALOG_COMPILER_APPICON_NAME = AppIcon;
				DEVELOPMENT_TEAM = Y798R64W36;
				INFOPLIST_FILE = ZYSDK/Info.plist;
				LD_RUNPATH_SEARCH_PATHS = "$(inherited) @executable_path/Frameworks";
				PRODUCT_BUNDLE_IDENTIFIER = ZY.ZYSDK;
				PRODUCT_NAME = "$(TARGET_NAME)";
			};
			name = Release;
		};
		9A74EE771E5C1928009287CB /* Debug */ = {
			isa = XCBuildConfiguration;
			buildSettings = {
				BUNDLE_LOADER = "$(TEST_HOST)";
				DEVELOPMENT_TEAM = Y798R64W36;
				INFOPLIST_FILE = ZYSDKTests/Info.plist;
				LD_RUNPATH_SEARCH_PATHS = "$(inherited) @executable_path/Frameworks @loader_path/Frameworks";
				PRODUCT_BUNDLE_IDENTIFIER = ZY.ZYSDKTests;
				PRODUCT_NAME = "$(TARGET_NAME)";
				TEST_HOST = "$(BUILT_PRODUCTS_DIR)/ZYSDK.app/ZYSDK";
			};
			name = Debug;
		};
		9A74EE781E5C1928009287CB /* Release */ = {
			isa = XCBuildConfiguration;
			buildSettings = {
				BUNDLE_LOADER = "$(TEST_HOST)";
				DEVELOPMENT_TEAM = Y798R64W36;
				INFOPLIST_FILE = ZYSDKTests/Info.plist;
				LD_RUNPATH_SEARCH_PATHS = "$(inherited) @executable_path/Frameworks @loader_path/Frameworks";
				PRODUCT_BUNDLE_IDENTIFIER = ZY.ZYSDKTests;
				PRODUCT_NAME = "$(TARGET_NAME)";
				TEST_HOST = "$(BUILT_PRODUCTS_DIR)/ZYSDK.app/ZYSDK";
			};
			name = Release;
		};
		9A74EE7A1E5C1928009287CB /* Debug */ = {
			isa = XCBuildConfiguration;
			buildSettings = {
				DEVELOPMENT_TEAM = Y798R64W36;
				INFOPLIST_FILE = ZYSDKUITests/Info.plist;
				LD_RUNPATH_SEARCH_PATHS = "$(inherited) @executable_path/Frameworks @loader_path/Frameworks";
				PRODUCT_BUNDLE_IDENTIFIER = ZY.ZYSDKUITests;
				PRODUCT_NAME = "$(TARGET_NAME)";
				TEST_TARGET_NAME = ZYSDK;
			};
			name = Debug;
		};
		9A74EE7B1E5C1928009287CB /* Release */ = {
			isa = XCBuildConfiguration;
			buildSettings = {
				DEVELOPMENT_TEAM = Y798R64W36;
				INFOPLIST_FILE = ZYSDKUITests/Info.plist;
				LD_RUNPATH_SEARCH_PATHS = "$(inherited) @executable_path/Frameworks @loader_path/Frameworks";
				PRODUCT_BUNDLE_IDENTIFIER = ZY.ZYSDKUITests;
				PRODUCT_NAME = "$(TARGET_NAME)";
				TEST_TARGET_NAME = ZYSDK;
			};
			name = Release;
		};
/* End XCBuildConfiguration section */

/* Begin XCConfigurationList section */
		9A74EE411E5C1927009287CB /* Build configuration list for PBXProject "ZYSDK" */ = {
			isa = XCConfigurationList;
			buildConfigurations = (
				9A74EE711E5C1928009287CB /* Debug */,
				9A74EE721E5C1928009287CB /* Release */,
			);
			defaultConfigurationIsVisible = 0;
			defaultConfigurationName = Release;
		};
		9A74EE731E5C1928009287CB /* Build configuration list for PBXNativeTarget "ZYSDK" */ = {
			isa = XCConfigurationList;
			buildConfigurations = (
				9A74EE741E5C1928009287CB /* Debug */,
				9A74EE751E5C1928009287CB /* Release */,
			);
			defaultConfigurationIsVisible = 0;
			defaultConfigurationName = Release;
		};
		9A74EE761E5C1928009287CB /* Build configuration list for PBXNativeTarget "ZYSDKTests" */ = {
			isa = XCConfigurationList;
			buildConfigurations = (
				9A74EE771E5C1928009287CB /* Debug */,
				9A74EE781E5C1928009287CB /* Release */,
			);
			defaultConfigurationIsVisible = 0;
			defaultConfigurationName = Release;
		};
		9A74EE791E5C1928009287CB /* Build configuration list for PBXNativeTarget "ZYSDKUITests" */ = {
			isa = XCConfigurationList;
			buildConfigurations = (
				9A74EE7A1E5C1928009287CB /* Debug */,
				9A74EE7B1E5C1928009287CB /* Release */,
			);
			defaultConfigurationIsVisible = 0;
			defaultConfigurationName = Release;
		};
/* End XCConfigurationList section */
	};
	rootObject = 9A74EE3E1E5C1927009287CB /* Project object */;
}
